// !$*UTF8*$!
{
	archiveVersion = 1;
	classes = {
	};
	objectVersion = 55;
	objects = {

/* Begin PBXBuildFile section */
		A987486F3B826D397CDC52F1 /* Pods_CryptoTrecker.framework in Frameworks */ = {isa = PBXBuildFile; fileRef = A42357A4D197352CC52C1CC1 /* Pods_CryptoTrecker.framework */; };
		AEA0127327EA174600275E03 /* Networking.swift in Sources */ = {isa = PBXBuildFile; fileRef = AEA0127227EA174600275E03 /* Networking.swift */; };
		AEA0127527EA1E8000275E03 /* CryptoTableViewCell.swift in Sources */ = {isa = PBXBuildFile; fileRef = AEA0127427EA1E8000275E03 /* CryptoTableViewCell.swift */; };
		AEA0127727EA21EA00275E03 /* Models.swift in Sources */ = {isa = PBXBuildFile; fileRef = AEA0127627EA21EA00275E03 /* Models.swift */; };
		AEBB354027EA0ED70075B95A /* AppDelegate.swift in Sources */ = {isa = PBXBuildFile; fileRef = AEBB353F27EA0ED70075B95A /* AppDelegate.swift */; };
		AEBB354227EA0ED70075B95A /* SceneDelegate.swift in Sources */ = {isa = PBXBuildFile; fileRef = AEBB354127EA0ED70075B95A /* SceneDelegate.swift */; };
		AEBB354427EA0ED70075B95A /* ViewController.swift in Sources */ = {isa = PBXBuildFile; fileRef = AEBB354327EA0ED70075B95A /* ViewController.swift */; };
		AEBB354927EA0ED70075B95A /* Assets.xcassets in Resources */ = {isa = PBXBuildFile; fileRef = AEBB354827EA0ED70075B95A /* Assets.xcassets */; };
		AEBB354C27EA0ED70075B95A /* LaunchScreen.storyboard in Resources */ = {isa = PBXBuildFile; fileRef = AEBB354A27EA0ED70075B95A /* LaunchScreen.storyboard */; };
/* End PBXBuildFile section */

/* Begin PBXFileReference section */
		3B81D9F0F16E34F3A437CAC0 /* Pods-CryptoTrecker.release.xcconfig */ = {isa = PBXFileReference; includeInIndex = 1; lastKnownFileType = text.xcconfig; name = "Pods-CryptoTrecker.release.xcconfig"; path = "Target Support Files/Pods-CryptoTrecker/Pods-CryptoTrecker.release.xcconfig"; sourceTree = "<group>"; };
		A42357A4D197352CC52C1CC1 /* Pods_CryptoTrecker.framework */ = {isa = PBXFileReference; explicitFileType = wrapper.framework; includeInIndex = 0; path = Pods_CryptoTrecker.framework; sourceTree = BUILT_PRODUCTS_DIR; };
		AEA0127227EA174600275E03 /* Networking.swift */ = {isa = PBXFileReference; lastKnownFileType = sourcecode.swift; path = Networking.swift; sourceTree = "<group>"; };
		AEA0127427EA1E8000275E03 /* CryptoTableViewCell.swift */ = {isa = PBXFileReference; lastKnownFileType = sourcecode.swift; path = CryptoTableViewCell.swift; sourceTree = "<group>"; };
		AEA0127627EA21EA00275E03 /* Models.swift */ = {isa = PBXFileReference; lastKnownFileType = sourcecode.swift; path = Models.swift; sourceTree = "<group>"; };
		AEBB353C27EA0ED70075B95A /* CryptoTrecker.app */ = {isa = PBXFileReference; explicitFileType = wrapper.application; includeInIndex = 0; path = CryptoTrecker.app; sourceTree = BUILT_PRODUCTS_DIR; };
		AEBB353F27EA0ED70075B95A /* AppDelegate.swift */ = {isa = PBXFileReference; lastKnownFileType = sourcecode.swift; path = AppDelegate.swift; sourceTree = "<group>"; };
		AEBB354127EA0ED70075B95A /* SceneDelegate.swift */ = {isa = PBXFileReference; lastKnownFileType = sourcecode.swift; path = SceneDelegate.swift; sourceTree = "<group>"; };
		AEBB354327EA0ED70075B95A /* ViewController.swift */ = {isa = PBXFileReference; lastKnownFileType = sourcecode.swift; path = ViewController.swift; sourceTree = "<group>"; };
		AEBB354827EA0ED70075B95A /* Assets.xcassets */ = {isa = PBXFileReference; lastKnownFileType = folder.assetcatalog; path = Assets.xcassets; sourceTree = "<group>"; };
		AEBB354B27EA0ED70075B95A /* Base */ = {isa = PBXFileReference; lastKnownFileType = file.storyboard; name = Base; path = Base.lproj/LaunchScreen.storyboard; sourceTree = "<group>"; };
		AEBB354D27EA0ED70075B95A /* Info.plist */ = {isa = PBXFileReference; lastKnownFileType = text.plist.xml; path = Info.plist; sourceTree = "<group>"; };
		FF2375EF200891A06858DEC9 /* Pods-CryptoTrecker.debug.xcconfig */ = {isa = PBXFileReference; includeInIndex = 1; lastKnownFileType = text.xcconfig; name = "Pods-CryptoTrecker.debug.xcconfig"; path = "Target Support Files/Pods-CryptoTrecker/Pods-CryptoTrecker.debug.xcconfig"; sourceTree = "<group>"; };
/* End PBXFileReference section */

/* Begin PBXFrameworksBuildPhase section */
		AEBB353927EA0ED70075B95A /* Frameworks */ = {
			isa = PBXFrameworksBuildPhase;
			buildActionMask = 2147483647;
			files = (
				A987486F3B826D397CDC52F1 /* Pods_CryptoTrecker.framework in Frameworks */,
			);
			runOnlyForDeploymentPostprocessing = 0;
		};
/* End PBXFrameworksBuildPhase section */

/* Begin PBXGroup section */
		85760FB642ABF1A517355C48 /* Pods */ = {
			isa = PBXGroup;
			children = (
				FF2375EF200891A06858DEC9 /* Pods-CryptoTrecker.debug.xcconfig */,
				3B81D9F0F16E34F3A437CAC0 /* Pods-CryptoTrecker.release.xcconfig */,
			);
			path = Pods;
			sourceTree = "<group>";
		};
		88D865C229BA0887F8184A63 /* Frameworks */ = {
			isa = PBXGroup;
			children = (
				A42357A4D197352CC52C1CC1 /* Pods_CryptoTrecker.framework */,
			);
			name = Frameworks;
			sourceTree = "<group>";
		};
		AEBB353327EA0ED70075B95A = {
			isa = PBXGroup;
			children = (
				AEBB353E27EA0ED70075B95A /* CryptoTrecker */,
				AEBB353D27EA0ED70075B95A /* Products */,
				85760FB642ABF1A517355C48 /* Pods */,
				88D865C229BA0887F8184A63 /* Frameworks */,
			);
			sourceTree = "<group>";
		};
		AEBB353D27EA0ED70075B95A /* Products */ = {
			isa = PBXGroup;
			children = (
				AEBB353C27EA0ED70075B95A /* CryptoTrecker.app */,
			);
			name = Products;
			sourceTree = "<group>";
		};
		AEBB353E27EA0ED70075B95A /* CryptoTrecker */ = {
			isa = PBXGroup;
			children = (
				AEBB353F27EA0ED70075B95A /* AppDelegate.swift */,
				AEBB354127EA0ED70075B95A /* SceneDelegate.swift */,
				AEBB354327EA0ED70075B95A /* ViewController.swift */,
				AEA0127427EA1E8000275E03 /* CryptoTableViewCell.swift */,
				AEA0127227EA174600275E03 /* Networking.swift */,
				AEA0127627EA21EA00275E03 /* Models.swift */,
				AEBB354827EA0ED70075B95A /* Assets.xcassets */,
				AEBB354A27EA0ED70075B95A /* LaunchScreen.storyboard */,
				AEBB354D27EA0ED70075B95A /* Info.plist */,
			);
			path = CryptoTrecker;
			sourceTree = "<group>";
		};
/* End PBXGroup section */

/* Begin PBXNativeTarget section */
		AEBB353B27EA0ED70075B95A /* CryptoTrecker */ = {
			isa = PBXNativeTarget;
			buildConfigurationList = AEBB355027EA0ED70075B95A /* Build configuration list for PBXNativeTarget "CryptoTrecker" */;
			buildPhases = (
				0B8F7534F0CFD8AE298908B2 /* [CP] Check Pods Manifest.lock */,
				AEBB353827EA0ED70075B95A /* Sources */,
				AEBB353927EA0ED70075B95A /* Frameworks */,
				AEBB353A27EA0ED70075B95A /* Resources */,
				25D825A467FA1C06EA4B92A2 /* [CP] Embed Pods Frameworks */,
			);
			buildRules = (
			);
			dependencies = (
			);
			name = CryptoTrecker;
			productName = CryptoTrecker;
			productReference = AEBB353C27EA0ED70075B95A /* CryptoTrecker.app */;
			productType = "com.apple.product-type.application";
		};
/* End PBXNativeTarget section */

/* Begin PBXProject section */
		AEBB353427EA0ED70075B95A /* Project object */ = {
			isa = PBXProject;
			attributes = {
				BuildIndependentTargetsInParallel = 1;
				LastSwiftUpdateCheck = 1320;
				LastUpgradeCheck = 1320;
				TargetAttributes = {
					AEBB353B27EA0ED70075B95A = {
						CreatedOnToolsVersion = 13.2.1;
					};
				};
			};
			buildConfigurationList = AEBB353727EA0ED70075B95A /* Build configuration list for PBXProject "CryptoTrecker" */;
			compatibilityVersion = "Xcode 13.0";
			developmentRegion = en;
			hasScannedForEncodings = 0;
			knownRegions = (
				en,
				Base,
			);
			mainGroup = AEBB353327EA0ED70075B95A;
			productRefGroup = AEBB353D27EA0ED70075B95A /* Products */;
			projectDirPath = "";
			projectRoot = "";
			targets = (
				AEBB353B27EA0ED70075B95A /* CryptoTrecker */,
			);
		};
/* End PBXProject section */

/* Begin PBXResourcesBuildPhase section */
		AEBB353A27EA0ED70075B95A /* Resources */ = {
			isa = PBXResourcesBuildPhase;
			buildActionMask = 2147483647;
			files = (
				AEBB354C27EA0ED70075B95A /* LaunchScreen.storyboard in Resources */,
				AEBB354927EA0ED70075B95A /* Assets.xcassets in Resources */,
			);
			runOnlyForDeploymentPostprocessing = 0;
		};
/* End PBXResourcesBuildPhase section */

/* Begin PBXShellScriptBuildPhase section */
		0B8F7534F0CFD8AE298908B2 /* [CP] Check Pods Manifest.lock */ = {
			isa = PBXShellScriptBuildPhase;
			buildActionMask = 2147483647;
			files = (
			);
			inputFileListPaths = (
			);
			inputPaths = (
				"${PODS_PODFILE_DIR_PATH}/Podfile.lock",
				"${PODS_ROOT}/Manifest.lock",
			);
			name = "[CP] Check Pods Manifest.lock";
			outputFileListPaths = (
			);
			outputPaths = (
				"$(DERIVED_FILE_DIR)/Pods-CryptoTrecker-checkManifestLockResult.txt",
			);
			runOnlyForDeploymentPostprocessing = 0;
			shellPath = /bin/sh;
			shellScript = "diff \"${PODS_PODFILE_DIR_PATH}/Podfile.lock\" \"${PODS_ROOT}/Manifest.lock\" > /dev/null\nif [ $? != 0 ] ; then\n    # print error to STDERR\n    echo \"error: The sandbox is not in sync with the Podfile.lock. Run 'pod install' or update your CocoaPods installation.\" >&2\n    exit 1\nfi\n# This output is used by Xcode 'outputs' to avoid re-running this script phase.\necho \"SUCCESS\" > \"${SCRIPT_OUTPUT_FILE_0}\"\n";
			showEnvVarsInLog = 0;
		};
		25D825A467FA1C06EA4B92A2 /* [CP] Embed Pods Frameworks */ = {
			isa = PBXShellScriptBuildPhase;
			buildActionMask = 2147483647;
			files = (
			);
			inputFileListPaths = (
				"${PODS_ROOT}/Target Support Files/Pods-CryptoTrecker/Pods-CryptoTrecker-frameworks-${CONFIGURATION}-input-files.xcfilelist",
			);
			name = "[CP] Embed Pods Frameworks";
			outputFileListPaths = (
				"${PODS_ROOT}/Target Support Files/Pods-CryptoTrecker/Pods-CryptoTrecker-frameworks-${CONFIGURATION}-output-files.xcfilelist",
			);
			runOnlyForDeploymentPostprocessing = 0;
			shellPath = /bin/sh;
			shellScript = "\"${PODS_ROOT}/Target Support Files/Pods-CryptoTrecker/Pods-CryptoTrecker-frameworks.sh\"\n";
			showEnvVarsInLog = 0;
		};
/* End PBXShellScriptBuildPhase section */

/* Begin PBXSourcesBuildPhase section */
		AEBB353827EA0ED70075B95A /* Sources */ = {
			isa = PBXSourcesBuildPhase;
			buildActionMask = 2147483647;
			files = (
				AEBB354427EA0ED70075B95A /* ViewController.swift in Sources */,
				AEBB354027EA0ED70075B95A /* AppDelegate.swift in Sources */,
				AEBB354227EA0ED70075B95A /* SceneDelegate.swift in Sources */,
				AEA0127727EA21EA00275E03 /* Models.swift in Sources */,
				AEA0127527EA1E8000275E03 /* CryptoTableViewCell.swift in Sources */,
				AEA0127327EA174600275E03 /* Networking.swift in Sources */,
			);
			runOnlyForDeploymentPostprocessing = 0;
		};
/* End PBXSourcesBuildPhase section */

/* Begin PBXVariantGroup section */
		AEBB354A27EA0ED70075B95A /* LaunchScreen.storyboard */ = {
			isa = PBXVariantGroup;
			children = (
				AEBB354B27EA0ED70075B95A /* Base */,
			);
			name = LaunchScreen.storyboard;
			sourceTree = "<group>";
		};
/* End PBXVariantGroup section */

/* Begin XCBuildConfiguration section */
		AEBB354E27EA0ED70075B95A /* Debug */ = {
			isa = XCBuildConfiguration;
			buildSettings = {
				ALWAYS_SEARCH_USER_PATHS = NO;
				CLANG_ANALYZER_NONNULL = YES;
				CLANG_ANALYZER_NUMBER_OBJECT_CONVERSION = YES_AGGRESSIVE;
				CLANG_CXX_LANGUAGE_STANDARD = "gnu++17";
				CLANG_CXX_LIBRARY = "libc++";
				CLANG_ENABLE_MODULES = YES;
				CLANG_ENABLE_OBJC_ARC = YES;
				CLANG_ENABLE_OBJC_WEAK = YES;
				CLANG_WARN_BLOCK_CAPTURE_AUTORELEASING = YES;
				CLANG_WARN_BOOL_CONVERSION = YES;
				CLANG_WARN_COMMA = YES;
				CLANG_WARN_CONSTANT_CONVERSION = YES;
				CLANG_WARN_DEPRECATED_OBJC_IMPLEMENTATIONS = YES;
				CLANG_WARN_DIRECT_OBJC_ISA_USAGE = YES_ERROR;
				CLANG_WARN_DOCUMENTATION_COMMENTS = YES;
				CLANG_WARN_EMPTY_BODY = YES;
				CLANG_WARN_ENUM_CONVERSION = YES;
				CLANG_WARN_INFINITE_RECURSION = YES;
				CLANG_WARN_INT_CONVERSION = YES;
				CLANG_WARN_NON_LITERAL_NULL_CONVERSION = YES;
				CLANG_WARN_OBJC_IMPLICIT_RETAIN_SELF = YES;
				CLANG_WARN_OBJC_LITERAL_CONVERSION = YES;
				CLANG_WARN_OBJC_ROOT_CLASS = YES_ERROR;
				CLANG_WARN_QUOTED_INCLUDE_IN_FRAMEWORK_HEADER = YES;
				CLANG_WARN_RANGE_LOOP_ANALYSIS = YES;
				CLANG_WARN_STRICT_PROTOTYPES = YES;
				CLANG_WARN_SUSPICIOUS_MOVE = YES;
				CLANG_WARN_UNGUARDED_AVAILABILITY = YES_AGGRESSIVE;
				CLANG_WARN_UNREACHABLE_CODE = YES;
				CLANG_WARN__DUPLICATE_METHOD_MATCH = YES;
				COPY_PHASE_STRIP = NO;
				DEBUG_INFORMATION_FORMAT = dwarf;
				ENABLE_STRICT_OBJC_MSGSEND = YES;
				ENABLE_TESTABILITY = YES;
				GCC_C_LANGUAGE_STANDARD = gnu11;
				GCC_DYNAMIC_NO_PIC = NO;
				GCC_NO_COMMON_BLOCKS = YES;
				GCC_OPTIMIZATION_LEVEL = 0;
				GCC_PREPROCESSOR_DEFINITIONS = (
					"DEBUG=1",
					"$(inherited)",
				);
				GCC_WARN_64_TO_32_BIT_CONVERSION = YES;
				GCC_WARN_ABOUT_RETURN_TYPE = YES_ERROR;
				GCC_WARN_UNDECLARED_SELECTOR = YES;
				GCC_WARN_UNINITIALIZED_AUTOS = YES_AGGRESSIVE;
				GCC_WARN_UNUSED_FUNCTION = YES;
				GCC_WARN_UNUSED_VARIABLE = YES;
				IPHONEOS_DEPLOYMENT_TARGET = 15.2;
				MTL_ENABLE_DEBUG_INFO = INCLUDE_SOURCE;
				MTL_FAST_MATH = YES;
				ONLY_ACTIVE_ARCH = YES;
				SDKROOT = iphoneos;
				SWIFT_ACTIVE_COMPILATION_CONDITIONS = DEBUG;
				SWIFT_OPTIMIZATION_LEVEL = "-Onone";
			};
			name = Debug;
		};
		AEBB354F27EA0ED70075B95A /* Release */ = {
			isa = XCBuildConfiguration;
			buildSettings = {
				ALWAYS_SEARCH_USER_PATHS = NO;
				CLANG_ANALYZER_NONNULL = YES;
				CLANG_ANALYZER_NUMBER_OBJECT_CONVERSION = YES_AGGRESSIVE;
				CLANG_CXX_LANGUAGE_STANDARD = "gnu++17";
				CLANG_CXX_LIBRARY = "libc++";
				CLANG_ENABLE_MODULES = YES;
				CLANG_ENABLE_OBJC_ARC = YES;
				CLANG_ENABLE_OBJC_WEAK = YES;
				CLANG_WARN_BLOCK_CAPTURE_AUTORELEASING = YES;
				CLANG_WARN_BOOL_CONVERSION = YES;
				CLANG_WARN_COMMA = YES;
				CLANG_WARN_CONSTANT_CONVERSION = YES;
				CLANG_WARN_DEPRECATED_OBJC_IMPLEMENTATIONS = YES;
				CLANG_WARN_DIRECT_OBJC_ISA_USAGE = YES_ERROR;
				CLANG_WARN_DOCUMENTATION_COMMENTS = YES;
				CLANG_WARN_EMPTY_BODY = YES;
				CLANG_WARN_ENUM_CONVERSION = YES;
				CLANG_WARN_INFINITE_RECURSION = YES;
				CLANG_WARN_INT_CONVERSION = YES;
				CLANG_WARN_NON_LITERAL_NULL_CONVERSION = YES;
				CLANG_WARN_OBJC_IMPLICIT_RETAIN_SELF = YES;
				CLANG_WARN_OBJC_LITERAL_CONVERSION = YES;
				CLANG_WARN_OBJC_ROOT_CLASS = YES_ERROR;
				CLANG_WARN_QUOTED_INCLUDE_IN_FRAMEWORK_HEADER = YES;
				CLANG_WARN_RANGE_LOOP_ANALYSIS = YES;
				CLANG_WARN_STRICT_PROTOTYPES = YES;
				CLANG_WARN_SUSPICIOUS_MOVE = YES;
				CLANG_WARN_UNGUARDED_AVAILABILITY = YES_AGGRESSIVE;
				CLANG_WARN_UNREACHABLE_CODE = YES;
				CLANG_WARN__DUPLICATE_METHOD_MATCH = YES;
				COPY_PHASE_STRIP = NO;
				DEBUG_INFORMATION_FORMAT = "dwarf-with-dsym";
				ENABLE_NS_ASSERTIONS = NO;
				ENABLE_STRICT_OBJC_MSGSEND = YES;
				GCC_C_LANGUAGE_STANDARD = gnu11;
				GCC_NO_COMMON_BLOCKS = YES;
				GCC_WARN_64_TO_32_BIT_CONVERSION = YES;
				GCC_WARN_ABOUT_RETURN_TYPE = YES_ERROR;
				GCC_WARN_UNDECLARED_SELECTOR = YES;
				GCC_WARN_UNINITIALIZED_AUTOS = YES_AGGRESSIVE;
				GCC_WARN_UNUSED_FUNCTION = YES;
				GCC_WARN_UNUSED_VARIABLE = YES;
				IPHONEOS_DEPLOYMENT_TARGET = 15.2;
				MTL_ENABLE_DEBUG_INFO = NO;
				MTL_FAST_MATH = YES;
				SDKROOT = iphoneos;
				SWIFT_COMPILATION_MODE = wholemodule;
				SWIFT_OPTIMIZATION_LEVEL = "-O";
				VALIDATE_PRODUCT = YES;
			};
			name = Release;
		};
		AEBB355127EA0ED70075B95A /* Debug */ = {
			isa = XCBuildConfiguration;
			baseConfigurationReference = FF2375EF200891A06858DEC9 /* Pods-CryptoTrecker.debug.xcconfig */;
			buildSettings = {
				ASSETCATALOG_COMPILER_APPICON_NAME = AppIcon;
				ASSETCATALOG_COMPILER_GLOBAL_ACCENT_COLOR_NAME = AccentColor;
				CODE_SIGN_STYLE = Automatic;
				CURRENT_PROJECT_VERSION = 1;
				GENERATE_INFOPLIST_FILE = YES;
				INFOPLIST_FILE = CryptoTrecker/Info.plist;
				INFOPLIST_KEY_UIApplicationSupportsIndirectInputEvents = YES;
				INFOPLIST_KEY_UILaunchStoryboardName = LaunchScreen;
				INFOPLIST_KEY_UISupportedInterfaceOrientations_iPad = "UIInterfaceOrientationPortrait UIInterfaceOrientationPortraitUpsideDown UIInterfaceOrientationLandscapeLeft UIInterfaceOrientationLandscapeRight";
				INFOPLIST_KEY_UISupportedInterfaceOrientations_iPhone = "UIInterfaceOrientationPortrait UIInterfaceOrientationLandscapeLeft UIInterfaceOrientationLandscapeRight";
				LD_RUNPATH_SEARCH_PATHS = (
					"$(inherited)",
					"@executable_path/Frameworks",
				);
				MARKETING_VERSION = 1.0;
				PRODUCT_BUNDLE_IDENTIFIER = neobis.CryptoTrecker;
				PRODUCT_NAME = "$(TARGET_NAME)";
				SWIFT_EMIT_LOC_STRINGS = YES;
				SWIFT_VERSION = 5.0;
				TARGETED_DEVICE_FAMILY = "1,2";
			};
			name = Debug;
		};
		AEBB355227EA0ED70075B95A /* Release */ = {
			isa = XCBuildConfiguration;
			baseConfigurationReference = 3B81D9F0F16E34F3A437CAC0 /* Pods-CryptoTrecker.release.xcconfig */;
			buildSettings = {
				ASSETCATALOG_COMPILER_APPICON_NAME = AppIcon;
				ASSETCATALOG_COMPILER_GLOBAL_ACCENT_COLOR_NAME = AccentColor;
				CODE_SIGN_STYLE = Automatic;
				CURRENT_PROJECT_VERSION = 1;
				GENERATE_INFOPLIST_FILE = YES;
				INFOPLIST_FILE = CryptoTrecker/Info.plist;
				INFOPLIST_KEY_UIApplicationSupportsIndirectInputEvents = YES;
				INFOPLIST_KEY_UILaunchStoryboardName = LaunchScreen;
				INFOPLIST_KEY_UISupportedInterfaceOrientations_iPad = "UIInterfaceOrientationPortrait UIInterfaceOrientationPortraitUpsideDown UIInterfaceOrientationLandscapeLeft UIInterfaceOrientationLandscapeRight";
				INFOPLIST_KEY_UISupportedInterfaceOrientations_iPhone = "UIInterfaceOrientationPortrait UIInterfaceOrientationLandscapeLeft UIInterfaceOrientationLandscapeRight";
				LD_RUNPATH_SEARCH_PATHS = (
					"$(inherited)",
					"@executable_path/Frameworks",
				);
				MARKETING_VERSION = 1.0;
				PRODUCT_BUNDLE_IDENTIFIER = neobis.CryptoTrecker;
				PRODUCT_NAME = "$(TARGET_NAME)";
				SWIFT_EMIT_LOC_STRINGS = YES;
				SWIFT_VERSION = 5.0;
				TARGETED_DEVICE_FAMILY = "1,2";
			};
			name = Release;
		};
/* End XCBuildConfiguration section */

/* Begin XCConfigurationList section */
		AEBB353727EA0ED70075B95A /* Build configuration list for PBXProject "CryptoTrecker" */ = {
			isa = XCConfigurationList;
			buildConfigurations = (
				AEBB354E27EA0ED70075B95A /* Debug */,
				AEBB354F27EA0ED70075B95A /* Release */,
			);
			defaultConfigurationIsVisible = 0;
			defaultConfigurationName = Release;
		};
		AEBB355027EA0ED70075B95A /* Build configuration list for PBXNativeTarget "CryptoTrecker" */ = {
			isa = XCConfigurationList;
			buildConfigurations = (
				AEBB355127EA0ED70075B95A /* Debug */,
				AEBB355227EA0ED70075B95A /* Release */,
			);
			defaultConfigurationIsVisible = 0;
			defaultConfigurationName = Release;
		};
/* End XCConfigurationList section */
	};
	rootObject = AEBB353427EA0ED70075B95A /* Project object */;
}
